// !$*UTF8*$!
{
	archiveVersion = 1;
	classes = {
	};
	objectVersion = 110;
	objects = {

/* Begin PBXContainerItemProxy section */
		6EFC20A93076616B002DAA15 /* PBXContainerItemProxy */ = {
			isa = PBXContainerItemProxy;
			containerPortal = 6EFC20883076616B002DAA15 /* Project object */;
			proxyType = 1;
			remoteGlobalIDString = 6EFC208F3076616B002DAA15;
			remoteInfo = Screen2Clipboard;
		};
/* End PBXContainerItemProxy section */

/* Begin PBXFileReference section */
		6EFC20903076616B002DAA15 /* Screen2Clipboard.app */ = {isa = PBXFileReference; explicitFileType = wrapper.application; includeInIndex = 0; path = Screen2Clipboard.app; sourceTree = BUILT_PRODUCTS_DIR; };
		6EFC20A03076616B002DAA15 /* Screen2ClipboardTests.xctest */ = {isa = PBXFileReference; explicitFileType = wrapper.cfbundle; includeInIndex = 0; path = Screen2ClipboardTests.xctest; sourceTree = BUILT_PRODUCTS_DIR; };
/* End PBXFileReference section */

/* Begin PBXFileSystemSynchronizedRootGroup section */
		6EFC20923076616B002DAA15 /* Screen2Clipboard */ = {
			isa = PBXFileSystemSynchronizedRootGroup;
			path = Screen2Clipboard;
			sourceTree = "<group>";
		};
		6EFC20A63076616B002DAA15 /* Screen2ClipboardTests */ = {
			isa = PBXFileSystemSynchronizedRootGroup;
			path = Screen2ClipboardTests;
			sourceTree = "<group>";
		};
/* End PBXFileSystemSynchronizedRootGroup section */

/* Begin PBXFrameworksBuildPhase section */
		6EFC208D3076616B002DAA15 /* Frameworks */ = {
			isa = PBXFrameworksBuildPhase;
			files = (
			);
		};
		6EFC20A33076616B002DAA15 /* Frameworks */ = {
			isa = PBXFrameworksBuildPhase;
			files = (
			);
		};
/* End PBXFrameworksBuildPhase section */

/* Begin PBXGroup section */
		6EFC20873076616B002DAA15 = {
			isa = PBXGroup;
			children = (
				6EFC20923076616B002DAA15 /* Screen2Clipboard */,
				6EFC20A63076616B002DAA15 /* Screen2ClipboardTests */,
				6EFC20913076616B002DAA15 /* Products */,
			);
			sourceTree = "<group>";
		};
		6EFC20913076616B002DAA15 /* Products */ = {
			isa = PBXGroup;
			children = (
				6EFC20903076616B002DAA15 /* Screen2Clipboard.app */,
				6EFC20A03076616B002DAA15 /* Screen2ClipboardTests.xctest */,
			);
			name = Products;
			sourceTree = "<group>";
		};
/* End PBXGroup section */

/* Begin PBXNativeTarget section */
		6EFC208F3076616B002DAA15 /* Screen2Clipboard */ = {
			isa = PBXNativeTarget;
			buildConfigurationList = 6EFC209B3076616B002DAA15 /* Build configuration list for PBXNativeTarget "Screen2Clipboard" */;
			buildPhases = (
				6EFC208C3076616B002DAA15 /* Sources */,
				6EFC208D3076616B002DAA15 /* Frameworks */,
				6EFC208E3076616B002DAA15 /* Resources */,
			);
			buildRules = (
			);
			fileSystemSynchronizedGroups = (
				6EFC20923076616B002DAA15 /* Screen2Clipboard */,
			);
			name = Screen2Clipboard;
			productName = Screen2Clipboard;
			productReference = 6EFC20903076616B002DAA15 /* Screen2Clipboard.app */;
			productType = "com.apple.product-type.application";
		};
		6EFC20A13076616B002DAA15 /* Screen2ClipboardTests */ = {
			isa = PBXNativeTarget;
			buildConfigurationList = 6EFC20A43076616B002DAA15 /* Build configuration list for PBXNativeTarget "Screen2ClipboardTests" */;
			buildPhases = (
				6EFC20A23076616B002DAA15 /* Sources */,
				6EFC20A33076616B002DAA15 /* Frameworks */,
				6EFC20A53076616B002DAA15 /* Resources */,
			);
			buildRules = (
			);
			dependencies = (
				6EFC20AA3076616B002DAA15 /* PBXTargetDependency */,
			);
			fileSystemSynchronizedGroups = (
				6EFC20A63076616B002DAA15 /* Screen2ClipboardTests */,
			);
			name = Screen2ClipboardTests;
			productName = Screen2ClipboardTests;
			productReference = 6EFC20A03076616B002DAA15 /* Screen2ClipboardTests.xctest */;
			productType = "com.apple.product-type.bundle.unit-test";
		};
/* End PBXNativeTarget section */

/* Begin PBXProject section */
		6EFC20883076616B002DAA15 /* Project object */ = {
			isa = PBXProject;
			attributes = {
				BuildIndependentTargetsInParallel = 1;
				LastSwiftUpdateCheck = 2700;
				LastUpgradeCheck = 2700;
				TargetAttributes = {
					6EFC208F3076616B002DAA15 = {
						CreatedOnToolsVersion = 27.0;
					};
					6EFC20A13076616B002DAA15 = {
						CreatedOnToolsVersion = 27.0;
						TestTargetID = 6EFC208F3076616B002DAA15;
					};
				};
			};
			buildConfigurationList = 6EFC208B3076616B002DAA15 /* Build configuration list for PBXProject "Screen2Clipboard" */;
			developmentRegion = en;
			hasScannedForEncodings = 0;
			knownRegions = (
				en,
				Base,
			);
			mainGroup = 6EFC20873076616B002DAA15;
			minimizedProjectReferenceProxies = 1;
			preferredProjectObjectVersion = 77;
			productRefGroup = 6EFC20913076616B002DAA15 /* Products */;
			projectDirPath = "";
			projectRoot = "";
			targets = (
				6EFC208F3076616B002DAA15 /* Screen2Clipboard */,
				6EFC20A13076616B002DAA15 /* Screen2ClipboardTests */,
			);
		};
/* End PBXProject section */

/* Begin PBXResourcesBuildPhase section */
		6EFC208E3076616B002DAA15 /* Resources */ = {
			isa = PBXResourcesBuildPhase;
			files = (
			);
		};
		6EFC20A53076616B002DAA15 /* Resources */ = {
			isa = PBXResourcesBuildPhase;
			files = (
			);
		};
/* End PBXResourcesBuildPhase section */

/* Begin PBXSourcesBuildPhase section */
		6EFC208C3076616B002DAA15 /* Sources */ = {
			isa = PBXSourcesBuildPhase;
			files = (
			);
		};
		6EFC20A23076616B002DAA15 /* Sources */ = {
			isa = PBXSourcesBuildPhase;
			files = (
			);
		};
/* End PBXSourcesBuildPhase section */

/* Begin PBXTargetDependency section */
		6EFC20AA3076616B002DAA15 /* PBXTargetDependency */ = {
			isa = PBXTargetDependency;
			target = 6EFC208F3076616B002DAA15 /* Screen2Clipboard */;
			targetProxy = 6EFC20A93076616B002DAA15 /* PBXContainerItemProxy */;
		};
/* End PBXTargetDependency section */

/* Begin XCBuildConfiguration section */
		6EFC20993076616B002DAA15 /* Debug configuration for PBXProject "Screen2Clipboard" */ = {
			isa = XCBuildConfiguration;
			buildSettings = {
				ALWAYS_SEARCH_USER_PATHS = NO;
				ASSETCATALOG_COMPILER_GENERATE_SWIFT_ASSET_SYMBOL_EXTENSIONS = YES;
				CLANG_ANALYZER_NONNULL = YES;
				CLANG_ANALYZER_NUMBER_OBJECT_CONVERSION = YES_AGGRESSIVE;
				CLANG_CXX_LANGUAGE_STANDARD = "gnu++20";
				CLANG_ENABLE_MODULES = YES;
				CLANG_ENABLE_OBJC_ARC = YES;
				CLANG_ENABLE_OBJC_WEAK = YES;
				CLANG_WARN_BLOCK_CAPTURE_AUTORELEASING = YES;
				CLANG_WARN_BOOL_CONVERSION = YES;
				CLANG_WARN_COMMA = YES;
				CLANG_WARN_CONSTANT_CONVERSION = YES;
				CLANG_WARN_DEPRECATED_OBJC_IMPLEMENTATIONS = YES;
				CLANG_WARN_DIRECT_OBJC_ISA_USAGE = YES_ERROR;
				CLANG_WARN_DOCUMENTATION_COMMENTS = YES;
				CLANG_WARN_EMPTY_BODY = YES;
				CLANG_WARN_ENUM_CONVERSION = YES;
				CLANG_WARN_INFINITE_RECURSION = YES;
				CLANG_WARN_INT_CONVERSION = YES;
				CLANG_WARN_NON_LITERAL_NULL_CONVERSION = YES;
				CLANG_WARN_OBJC_IMPLICIT_RETAIN_SELF = YES;
				CLANG_WARN_OBJC_LITERAL_CONVERSION = YES;
				CLANG_WARN_OBJC_ROOT_CLASS = YES_ERROR;
				CLANG_WARN_QUOTED_INCLUDE_IN_FRAMEWORK_HEADER = YES;
				CLANG_WARN_RANGE_LOOP_ANALYSIS = YES;
				CLANG_WARN_STRICT_PROTOTYPES = YES;
				CLANG_WARN_SUSPICIOUS_MOVE = YES;
				CLANG_WARN_UNGUARDED_AVAILABILITY = YES_AGGRESSIVE;
				CLANG_WARN_UNREACHABLE_CODE = YES;
				CLANG_WARN__DUPLICATE_METHOD_MATCH = YES;
				COPY_PHASE_STRIP = NO;
				DEBUG_INFORMATION_FORMAT = dwarf;
				DEVELOPMENT_TEAM = 8BDTPR77XH;
				ENABLE_STRICT_OBJC_MSGSEND = YES;
				ENABLE_TESTABILITY = YES;
				ENABLE_USER_SCRIPT_SANDBOXING = YES;
				GCC_C_LANGUAGE_STANDARD = gnu17;
				GCC_DYNAMIC_NO_PIC = NO;
				GCC_NO_COMMON_BLOCKS = YES;
				GCC_OPTIMIZATION_LEVEL = 0;
				GCC_PREPROCESSOR_DEFINITIONS = (
					"DEBUG=1",
					"$(inherited)",
				);
				GCC_WARN_64_TO_32_BIT_CONVERSION = YES;
				GCC_WARN_ABOUT_RETURN_TYPE = YES_ERROR;
				GCC_WARN_UNDECLARED_SELECTOR = YES;
				GCC_WARN_UNINITIALIZED_AUTOS = YES_AGGRESSIVE;
				GCC_WARN_UNUSED_FUNCTION = YES;
				GCC_WARN_UNUSED_VARIABLE = YES;
				LOCALIZATION_PREFERS_STRING_CATALOGS = YES;
				MACOSX_DEPLOYMENT_TARGET = 27.0;
				MTL_ENABLE_DEBUG_INFO = INCLUDE_SOURCE;
				MTL_FAST_MATH = YES;
				ONLY_ACTIVE_ARCH = YES;
				SDKROOT = macosx;
				SWIFT_ACTIVE_COMPILATION_CONDITIONS = "DEBUG $(inherited)";
				SWIFT_OPTIMIZATION_LEVEL = "-Onone";
			};
			name = Debug;
		};
		6EFC209A3076616B002DAA15 /* Release configuration for PBXProject "Screen2Clipboard" */ = {
			isa = XCBuildConfiguration;
			buildSettings = {
				ALWAYS_SEARCH_USER_PATHS = NO;
				ASSETCATALOG_COMPILER_GENERATE_SWIFT_ASSET_SYMBOL_EXTENSIONS = YES;
				CLANG_ANALYZER_NONNULL = YES;
				CLANG_ANALYZER_NUMBER_OBJECT_CONVERSION = YES_AGGRESSIVE;
				CLANG_CXX_LANGUAGE_STANDARD = "gnu++20";
				CLANG_ENABLE_MODULES = YES;
				CLANG_ENABLE_OBJC_ARC = YES;
				CLANG_ENABLE_OBJC_WEAK = YES;
				CLANG_WARN_BLOCK_CAPTURE_AUTORELEASING = YES;
				CLANG_WARN_BOOL_CONVERSION = YES;
				CLANG_WARN_COMMA = YES;
				CLANG_WARN_CONSTANT_CONVERSION = YES;
				CLANG_WARN_DEPRECATED_OBJC_IMPLEMENTATIONS = YES;
				CLANG_WARN_DIRECT_OBJC_ISA_USAGE = YES_ERROR;
				CLANG_WARN_DOCUMENTATION_COMMENTS = YES;
				CLANG_WARN_EMPTY_BODY = YES;
				CLANG_WARN_ENUM_CONVERSION = YES;
				CLANG_WARN_INFINITE_RECURSION = YES;
				CLANG_WARN_INT_CONVERSION = YES;
				CLANG_WARN_NON_LITERAL_NULL_CONVERSION = YES;
				CLANG_WARN_OBJC_IMPLICIT_RETAIN_SELF = YES;
				CLANG_WARN_OBJC_LITERAL_CONVERSION = YES;
				CLANG_WARN_OBJC_ROOT_CLASS = YES_ERROR;
				CLANG_WARN_QUOTED_INCLUDE_IN_FRAMEWORK_HEADER = YES;
				CLANG_WARN_RANGE_LOOP_ANALYSIS = YES;
				CLANG_WARN_STRICT_PROTOTYPES = YES;
				CLANG_WARN_SUSPICIOUS_MOVE = YES;
				CLANG_WARN_UNGUARDED_AVAILABILITY = YES_AGGRESSIVE;
				CLANG_WARN_UNREACHABLE_CODE = YES;
				CLANG_WARN__DUPLICATE_METHOD_MATCH = YES;
				COPY_PHASE_STRIP = NO;
				DEBUG_INFORMATION_FORMAT = "dwarf-with-dsym";
				DEVELOPMENT_TEAM = 8BDTPR77XH;
				ENABLE_NS_ASSERTIONS = NO;
				ENABLE_STRICT_OBJC_MSGSEND = YES;
				ENABLE_USER_SCRIPT_SANDBOXING = YES;
				GCC_C_LANGUAGE_STANDARD = gnu17;
				GCC_NO_COMMON_BLOCKS = YES;
				GCC_WARN_64_TO_32_BIT_CONVERSION = YES;
				GCC_WARN_ABOUT_RETURN_TYPE = YES_ERROR;
				GCC_WARN_UNDECLARED_SELECTOR = YES;
				GCC_WARN_UNINITIALIZED_AUTOS = YES_AGGRESSIVE;
				GCC_WARN_UNUSED_FUNCTION = YES;
				GCC_WARN_UNUSED_VARIABLE = YES;
				LOCALIZATION_PREFERS_STRING_CATALOGS = YES;
				MACOSX_DEPLOYMENT_TARGET = 27.0;
				MTL_ENABLE_DEBUG_INFO = NO;
				MTL_FAST_MATH = YES;
				SDKROOT = macosx;
				SWIFT_COMPILATION_MODE = wholemodule;
			};
			name = Release;
		};
		6EFC209C3076616B002DAA15 /* Debug configuration for PBXNativeTarget "Screen2Clipboard" */ = {
			isa = XCBuildConfiguration;
			buildSettings = {
				ASSETCATALOG_COMPILER_APPICON_NAME = AppIcon;
				ASSETCATALOG_COMPILER_GLOBAL_ACCENT_COLOR_NAME = AccentColor;
				CODE_SIGN_STYLE = Manual;
				COMBINE_HIDPI_IMAGES = YES;
				CURRENT_PROJECT_VERSION = 1;
				DEVELOPMENT_TEAM = "";
				ENABLE_APP_SANDBOX = NO;
				ENABLE_HARDENED_RUNTIME = YES;
				ENABLE_PREVIEWS = YES;
				GENERATE_INFOPLIST_FILE = YES;
				INFOPLIST_KEY_LSApplicationCategoryType = "public.app-category.utilities";
				INFOPLIST_KEY_LSUIElement = YES;
				INFOPLIST_KEY_NSHumanReadableCopyright = "";
				LD_RUNPATH_SEARCH_PATHS = (
					"$(inherited)",
					"@executable_path/../Frameworks",
				);
				MACOSX_DEPLOYMENT_TARGET = 14.6;
				MARKETING_VERSION = 1.0;
				PRODUCT_BUNDLE_IDENTIFIER = app.Screen2Clipboard;
				PRODUCT_NAME = "$(TARGET_NAME)";
				PROVISIONING_PROFILE_SPECIFIER = "";
				REGISTER_APP_GROUPS = YES;
				STRING_CATALOG_GENERATE_SYMBOLS = YES;
				SWIFT_APPROACHABLE_CONCURRENCY = YES;
				SWIFT_DEFAULT_ACTOR_ISOLATION = MainActor;
				SWIFT_EMIT_LOC_STRINGS = YES;
				SWIFT_UPCOMING_FEATURE_MEMBER_IMPORT_VISIBILITY = YES;
				SWIFT_VERSION = 5.0;
			};
			name = Debug;
		};
		6EFC209D3076616B002DAA15 /* Release configuration for PBXNativeTarget "Screen2Clipboard" */ = {
			isa = XCBuildConfiguration;
			buildSettings = {
				ASSETCATALOG_COMPILER_APPICON_NAME = AppIcon;
				ASSETCATALOG_COMPILER_GLOBAL_ACCENT_COLOR_NAME = AccentColor;
				CODE_SIGN_STYLE = Manual;
				COMBINE_HIDPI_IMAGES = YES;
				CURRENT_PROJECT_VERSION = 1;
				DEVELOPMENT_TEAM = "";
				ENABLE_APP_SANDBOX = NO;
				ENABLE_HARDENED_RUNTIME = YES;
				ENABLE_PREVIEWS = YES;
				GENERATE_INFOPLIST_FILE = YES;
				INFOPLIST_KEY_LSApplicationCategoryType = "public.app-category.utilities";
				INFOPLIST_KEY_LSUIElement = YES;
				INFOPLIST_KEY_NSHumanReadableCopyright = "";
				LD_RUNPATH_SEARCH_PATHS = (
					"$(inherited)",
					"@executable_path/../Frameworks",
				);
				MACOSX_DEPLOYMENT_TARGET = 14.6;
				MARKETING_VERSION = 1.0;
				PRODUCT_BUNDLE_IDENTIFIER = app.Screen2Clipboard;
				PRODUCT_NAME = "$(TARGET_NAME)";
				PROVISIONING_PROFILE_SPECIFIER = "";
				REGISTER_APP_GROUPS = YES;
				STRING_CATALOG_GENERATE_SYMBOLS = YES;
				SWIFT_APPROACHABLE_CONCURRENCY = YES;
				SWIFT_DEFAULT_ACTOR_ISOLATION = MainActor;
				SWIFT_EMIT_LOC_STRINGS = YES;
				SWIFT_UPCOMING_FEATURE_MEMBER_IMPORT_VISIBILITY = YES;
				SWIFT_VERSION = 5.0;
			};
			name = Release;
		};
		6EFC20A73076616B002DAA15 /* Debug configuration for PBXNativeTarget "Screen2ClipboardTests" */ = {
			isa = XCBuildConfiguration;
			buildSettings = {
				BUNDLE_LOADER = "$(TEST_HOST)";
				GENERATE_INFOPLIST_FILE = YES;
				MACOSX_DEPLOYMENT_TARGET = 27.0;
				PRODUCT_BUNDLE_IDENTIFIER = app.Screen2ClipboardTests;
				PRODUCT_NAME = "$(TARGET_NAME)";
				SDKROOT = macosx;
				SWIFT_DEFAULT_ACTOR_ISOLATION = MainActor;
				SWIFT_VERSION = 5.0;
				TEST_HOST = "$(BUILT_PRODUCTS_DIR)/Screen2Clipboard.app/Contents/MacOS/Screen2Clipboard";
			};
			name = Debug;
		};
		6EFC20A83076616B002DAA15 /* Release configuration for PBXNativeTarget "Screen2ClipboardTests" */ = {
			isa = XCBuildConfiguration;
			buildSettings = {
				BUNDLE_LOADER = "$(TEST_HOST)";
				GENERATE_INFOPLIST_FILE = YES;
				MACOSX_DEPLOYMENT_TARGET = 27.0;
				PRODUCT_BUNDLE_IDENTIFIER = app.Screen2ClipboardTests;
				PRODUCT_NAME = "$(TARGET_NAME)";
				SDKROOT = macosx;
				SWIFT_DEFAULT_ACTOR_ISOLATION = MainActor;
				SWIFT_VERSION = 5.0;
				TEST_HOST = "$(BUILT_PRODUCTS_DIR)/Screen2Clipboard.app/Contents/MacOS/Screen2Clipboard";
			};
			name = Release;
		};
/* End XCBuildConfiguration section */

/* Begin XCConfigurationList section */
		6EFC208B3076616B002DAA15 /* Build configuration list for PBXProject "Screen2Clipboard" */ = {
			isa = XCConfigurationList;
			buildConfigurations = (
				6EFC20993076616B002DAA15 /* Debug configuration for PBXProject "Screen2Clipboard" */,
				6EFC209A3076616B002DAA15 /* Release configuration for PBXProject "Screen2Clipboard" */,
			);
			defaultConfigurationName = Release;
		};
		6EFC209B3076616B002DAA15 /* Build configuration list for PBXNativeTarget "Screen2Clipboard" */ = {
			isa = XCConfigurationList;
			buildConfigurations = (
				6EFC209C3076616B002DAA15 /* Debug configuration for PBXNativeTarget "Screen2Clipboard" */,
				6EFC209D3076616B002DAA15 /* Release configuration for PBXNativeTarget "Screen2Clipboard" */,
			);
			defaultConfigurationName = Release;
		};
		6EFC20A43076616B002DAA15 /* Build configuration list for PBXNativeTarget "Screen2ClipboardTests" */ = {
			isa = XCConfigurationList;
			buildConfigurations = (
				6EFC20A73076616B002DAA15 /* Debug configuration for PBXNativeTarget "Screen2ClipboardTests" */,
				6EFC20A83076616B002DAA15 /* Release configuration for PBXNativeTarget "Screen2ClipboardTests" */,
			);
			defaultConfigurationName = Release;
		};
/* End XCConfigurationList section */
	};
	rootObject = 6EFC20883076616B002DAA15 /* Project object */;
	validationLevel = 1;
}
